// !$*UTF8*$!
{
	archiveVersion = 1;
	classes = {
	};
	objectVersion = 50;
	objects = {

/* Begin PBXBuildFile section */
		541C302921CB7EAA0026B50B /* AppDelegate.swift in Sources */ = {isa = PBXBuildFile; fileRef = 541C302821CB7EAA0026B50B /* AppDelegate.swift */; };
		541C302B21CB7EAA0026B50B /* ViewController.swift in Sources */ = {isa = PBXBuildFile; fileRef = 541C302A21CB7EAA0026B50B /* ViewController.swift */; };
		541C302E21CB7EAA0026B50B /* Main.storyboard in Resources */ = {isa = PBXBuildFile; fileRef = 541C302C21CB7EAA0026B50B /* Main.storyboard */; };
		541C303021CB7EAB0026B50B /* Assets.xcassets in Resources */ = {isa = PBXBuildFile; fileRef = 541C302F21CB7EAB0026B50B /* Assets.xcassets */; };
		541C303321CB7EAB0026B50B /* LaunchScreen.storyboard in Resources */ = {isa = PBXBuildFile; fileRef = 541C303121CB7EAB0026B50B /* LaunchScreen.storyboard */; };
		541C303C21CCF5E10026B50B /* PhotoCell.swift in Sources */ = {isa = PBXBuildFile; fileRef = 541C303B21CCF5E10026B50B /* PhotoCell.swift */; };
		541C303E21CCF99B0026B50B /* PinterestLayout.swift in Sources */ = {isa = PBXBuildFile; fileRef = 541C303D21CCF99B0026B50B /* PinterestLayout.swift */; };
		541C304121D4B2690026B50B /* APIClient.swift in Sources */ = {isa = PBXBuildFile; fileRef = 541C304021D4B2690026B50B /* APIClient.swift */; };
		541C304321D4B5400026B50B /* UnsplashImages.swift in Sources */ = {isa = PBXBuildFile; fileRef = 541C304221D4B5400026B50B /* UnsplashImages.swift */; };
/* End PBXBuildFile section */

/* Begin PBXFileReference section */
		541C302521CB7EAA0026B50B /* PinterestClone.app */ = {isa = PBXFileReference; explicitFileType = wrapper.application; includeInIndex = 0; path = PinterestClone.app; sourceTree = BUILT_PRODUCTS_DIR; };
		541C302821CB7EAA0026B50B /* AppDelegate.swift */ = {isa = PBXFileReference; lastKnownFileType = sourcecode.swift; path = AppDelegate.swift; sourceTree = "<group>"; };
		541C302A21CB7EAA0026B50B /* ViewController.swift */ = {isa = PBXFileReference; lastKnownFileType = sourcecode.swift; path = ViewController.swift; sourceTree = "<group>"; };
		541C302D21CB7EAA0026B50B /* Base */ = {isa = PBXFileReference; lastKnownFileType = file.storyboard; name = Base; path = Base.lproj/Main.storyboard; sourceTree = "<group>"; };
		541C302F21CB7EAB0026B50B /* Assets.xcassets */ = {isa = PBXFileReference; lastKnownFileType = folder.assetcatalog; path = Assets.xcassets; sourceTree = "<group>"; };
		541C303221CB7EAB0026B50B /* Base */ = {isa = PBXFileReference; lastKnownFileType = file.storyboard; name = Base; path = Base.lproj/LaunchScreen.storyboard; sourceTree = "<group>"; };
		541C303421CB7EAB0026B50B /* Info.plist */ = {isa = PBXFileReference; lastKnownFileType = text.plist.xml; path = Info.plist; sourceTree = "<group>"; };
		541C303B21CCF5E10026B50B /* PhotoCell.swift */ = {isa = PBXFileReference; lastKnownFileType = sourcecode.swift; path = PhotoCell.swift; sourceTree = "<group>"; };
		541C303D21CCF99B0026B50B /* PinterestLayout.swift */ = {isa = PBXFileReference; lastKnownFileType = sourcecode.swift; path = PinterestLayout.swift; sourceTree = "<group>"; };
		541C304021D4B2690026B50B /* APIClient.swift */ = {isa = PBXFileReference; lastKnownFileType = sourcecode.swift; path = APIClient.swift; sourceTree = "<group>"; };
		541C304221D4B5400026B50B /* UnsplashImages.swift */ = {isa = PBXFileReference; lastKnownFileType = sourcecode.swift; path = UnsplashImages.swift; sourceTree = "<group>"; };
/* End PBXFileReference section */

/* Begin PBXFrameworksBuildPhase section */
		541C302221CB7EAA0026B50B /* Frameworks */ = {
			isa = PBXFrameworksBuildPhase;
			buildActionMask = 2147483647;
			files = (
			);
			runOnlyForDeploymentPostprocessing = 0;
		};
/* End PBXFrameworksBuildPhase section */

/* Begin PBXGroup section */
		541C301C21CB7EAA0026B50B = {
			isa = PBXGroup;
			children = (
				541C302721CB7EAA0026B50B /* PinterestClone */,
				541C302621CB7EAA0026B50B /* Products */,
			);
			sourceTree = "<group>";
		};
		541C302621CB7EAA0026B50B /* Products */ = {
			isa = PBXGroup;
			children = (
				541C302521CB7EAA0026B50B /* PinterestClone.app */,
			);
			name = Products;
			sourceTree = "<group>";
		};
		541C302721CB7EAA0026B50B /* PinterestClone */ = {
			isa = PBXGroup;
			children = (
				541C303F21D4B2570026B50B /* APIClient */,
				541C303A21CCF5B30026B50B /* Views */,
				541C302821CB7EAA0026B50B /* AppDelegate.swift */,
				541C302A21CB7EAA0026B50B /* ViewController.swift */,
				541C302C21CB7EAA0026B50B /* Main.storyboard */,
				541C302F21CB7EAB0026B50B /* Assets.xcassets */,
				541C303121CB7EAB0026B50B /* LaunchScreen.storyboard */,
				541C303421CB7EAB0026B50B /* Info.plist */,
			);
			path = PinterestClone;
			sourceTree = "<group>";
		};
		541C303A21CCF5B30026B50B /* Views */ = {
			isa = PBXGroup;
			children = (
				541C303B21CCF5E10026B50B /* PhotoCell.swift */,
				541C303D21CCF99B0026B50B /* PinterestLayout.swift */,
			);
			path = Views;
			sourceTree = "<group>";
		};
		541C303F21D4B2570026B50B /* APIClient */ = {
			isa = PBXGroup;
			children = (
				541C304021D4B2690026B50B /* APIClient.swift */,
				541C304221D4B5400026B50B /* UnsplashImages.swift */,
			);
			path = APIClient;
			sourceTree = "<group>";
		};
/* End PBXGroup section */

/* Begin PBXNativeTarget section */
		541C302421CB7EAA0026B50B /* PinterestClone */ = {
			isa = PBXNativeTarget;
			buildConfigurationList = 541C303721CB7EAB0026B50B /* Build configuration list for PBXNativeTarget "PinterestClone" */;
			buildPhases = (
				541C302121CB7EAA0026B50B /* Sources */,
				541C302221CB7EAA0026B50B /* Frameworks */,
				541C302321CB7EAA0026B50B /* Resources */,
			);
			buildRules = (
			);
			dependencies = (
			);
			name = PinterestClone;
			productName = PinterestClone;
			productReference = 541C302521CB7EAA0026B50B /* PinterestClone.app */;
			productType = "com.apple.product-type.application";
		};
/* End PBXNativeTarget section */

/* Begin PBXProject section */
		541C301D21CB7EAA0026B50B /* Project object */ = {
			isa = PBXProject;
			attributes = {
				LastSwiftUpdateCheck = 1010;
				LastUpgradeCheck = 1010;
				ORGANIZATIONNAME = "David D";
				TargetAttributes = {
					541C302421CB7EAA0026B50B = {
						CreatedOnToolsVersion = 10.1;
					};
				};
			};
			buildConfigurationList = 541C302021CB7EAA0026B50B /* Build configuration list for PBXProject "PinterestClone" */;
			compatibilityVersion = "Xcode 9.3";
			developmentRegion = en;
			hasScannedForEncodings = 0;
			knownRegions = (
				en,
				Base,
			);
			mainGroup = 541C301C21CB7EAA0026B50B;
			productRefGroup = 541C302621CB7EAA0026B50B /* Products */;
			projectDirPath = "";
			projectRoot = "";
			targets = (
				541C302421CB7EAA0026B50B /* PinterestClone */,
			);
		};
/* End PBXProject section */

/* Begin PBXResourcesBuildPhase section */
		541C302321CB7EAA0026B50B /* Resources */ = {
			isa = PBXResourcesBuildPhase;
			buildActionMask = 2147483647;
			files = (
				541C303321CB7EAB0026B50B /* LaunchScreen.storyboard in Resources */,
				541C303021CB7EAB0026B50B /* Assets.xcassets in Resources */,
				541C302E21CB7EAA0026B50B /* Main.storyboard in Resources */,
			);
			runOnlyForDeploymentPostprocessing = 0;
		};
/* End PBXResourcesBuildPhase section */

/* Begin PBXSourcesBuildPhase section */
		541C302121CB7EAA0026B50B /* Sources */ = {
			isa = PBXSourcesBuildPhase;
			buildActionMask = 2147483647;
			files = (
				541C303E21CCF99B0026B50B /* PinterestLayout.swift in Sources */,
				541C302B21CB7EAA0026B50B /* ViewController.swift in Sources */,
				541C303C21CCF5E10026B50B /* PhotoCell.swift in Sources */,
				541C304121D4B2690026B50B /* APIClient.swift in Sources */,
				541C302921CB7EAA0026B50B /* AppDelegate.swift in Sources */,
				541C304321D4B5400026B50B /* UnsplashImages.swift in Sources */,
			);
			runOnlyForDeploymentPostprocessing = 0;
		};
/* End PBXSourcesBuildPhase section */

/* Begin PBXVariantGroup section */
		541C302C21CB7EAA0026B50B /* Main.storyboard */ = {
			isa = PBXVariantGroup;
			children = (
				541C302D21CB7EAA0026B50B /* Base */,
			);
			name = Main.storyboard;
			sourceTree = "<group>";
		};
		541C303121CB7EAB0026B50B /* LaunchScreen.storyboard */ = {
			isa = PBXVariantGroup;
			children = (
				541C303221CB7EAB0026B50B /* Base */,
			);
			name = LaunchScreen.storyboard;
			sourceTree = "<group>";
		};
/* End PBXVariantGroup section */

/* Begin XCBuildConfiguration section */
		541C303521CB7EAB0026B50B /* Debug */ = {
			isa = XCBuildConfiguration;
			buildSettings = {
				ALWAYS_SEARCH_USER_PATHS = NO;
				CLANG_ANALYZER_NONNULL = YES;
				CLANG_ANALYZER_NUMBER_OBJECT_CONVERSION = YES_AGGRESSIVE;
				CLANG_CXX_LANGUAGE_STANDARD = "gnu++14";
				CLANG_CXX_LIBRARY = "libc++";
				CLANG_ENABLE_MODULES = YES;
				CLANG_ENABLE_OBJC_ARC = YES;
				CLANG_ENABLE_OBJC_WEAK = YES;
				CLANG_WARN_BLOCK_CAPTURE_AUTORELEASING = YES;
				CLANG_WARN_BOOL_CONVERSION = YES;
				CLANG_WARN_COMMA = YES;
				CLANG_WARN_CONSTANT_CONVERSION = YES;
				CLANG_WARN_DEPRECATED_OBJC_IMPLEMENTATIONS = YES;
				CLANG_WARN_DIRECT_OBJC_ISA_USAGE = YES_ERROR;
				CLANG_WARN_DOCUMENTATION_COMMENTS = YES;
				CLANG_WARN_EMPTY_BODY = YES;
				CLANG_WARN_ENUM_CONVERSION = YES;
				CLANG_WARN_INFINITE_RECURSION = YES;
				CLANG_WARN_INT_CONVERSION = YES;
				CLANG_WARN_NON_LITERAL_NULL_CONVERSION = YES;
				CLANG_WARN_OBJC_IMPLICIT_RETAIN_SELF = YES;
				CLANG_WARN_OBJC_LITERAL_CONVERSION = YES;
				CLANG_WARN_OBJC_ROOT_CLASS = YES_ERROR;
				CLANG_WARN_RANGE_LOOP_ANALYSIS = YES;
				CLANG_WARN_STRICT_PROTOTYPES = YES;
				CLANG_WARN_SUSPICIOUS_MOVE = YES;
				CLANG_WARN_UNGUARDED_AVAILABILITY = YES_AGGRESSIVE;
				CLANG_WARN_UNREACHABLE_CODE = YES;
				CLANG_WARN__DUPLICATE_METHOD_MATCH = YES;
				CODE_SIGN_IDENTITY = "iPhone Developer";
				COPY_PHASE_STRIP = NO;
				DEBUG_INFORMATION_FORMAT = dwarf;
				ENABLE_STRICT_OBJC_MSGSEND = YES;
				ENABLE_TESTABILITY = YES;
				GCC_C_LANGUAGE_STANDARD = gnu11;
				GCC_DYNAMIC_NO_PIC = NO;
				GCC_NO_COMMON_BLOCKS = YES;
				GCC_OPTIMIZATION_LEVEL = 0;
				GCC_PREPROCESSOR_DEFINITIONS = (
					"DEBUG=1",
					"$(inherited)",
				);
				GCC_WARN_64_TO_32_BIT_CONVERSION = YES;
				GCC_WARN_ABOUT_RETURN_TYPE = YES_ERROR;
				GCC_WARN_UNDECLARED_SELECTOR = YES;
				GCC_WARN_UNINITIALIZED_AUTOS = YES_AGGRESSIVE;
				GCC_WARN_UNUSED_FUNCTION = YES;
				GCC_WARN_UNUSED_VARIABLE = YES;
				IPHONEOS_DEPLOYMENT_TARGET = 12.1;
				MTL_ENABLE_DEBUG_INFO = INCLUDE_SOURCE;
				MTL_FAST_MATH = YES;
				ONLY_ACTIVE_ARCH = YES;
				SDKROOT = iphoneos;
				SWIFT_ACTIVE_COMPILATION_CONDITIONS = DEBUG;
				SWIFT_OPTIMIZATION_LEVEL = "-Onone";
			};
			name = Debug;
		};
		541C303621CB7EAB0026B50B /* Release */ = {
			isa = XCBuildConfiguration;
			buildSettings = {
				ALWAYS_SEARCH_USER_PATHS = NO;
				CLANG_ANALYZER_NONNULL = YES;
				CLANG_ANALYZER_NUMBER_OBJECT_CONVERSION = YES_AGGRESSIVE;
				CLANG_CXX_LANGUAGE_STANDARD = "gnu++14";
				CLANG_CXX_LIBRARY = "libc++";
				CLANG_ENABLE_MODULES = YES;
				CLANG_ENABLE_OBJC_ARC = YES;
				CLANG_ENABLE_OBJC_WEAK = YES;
				CLANG_WARN_BLOCK_CAPTURE_AUTORELEASING = YES;
				CLANG_WARN_BOOL_CONVERSION = YES;
				CLANG_WARN_COMMA = YES;
				CLANG_WARN_CONSTANT_CONVERSION = YES;
				CLANG_WARN_DEPRECATED_OBJC_IMPLEMENTATIONS = YES;
				CLANG_WARN_DIRECT_OBJC_ISA_USAGE = YES_ERROR;
				CLANG_WARN_DOCUMENTATION_COMMENTS = YES;
				CLANG_WARN_EMPTY_BODY = YES;
				CLANG_WARN_ENUM_CONVERSION = YES;
				CLANG_WARN_INFINITE_RECURSION = YES;
				CLANG_WARN_INT_CONVERSION = YES;
				CLANG_WARN_NON_LITERAL_NULL_CONVERSION = YES;
				CLANG_WARN_OBJC_IMPLICIT_RETAIN_SELF = YES;
				CLANG_WARN_OBJC_LITERAL_CONVERSION = YES;
				CLANG_WARN_OBJC_ROOT_CLASS = YES_ERROR;
				CLANG_WARN_RANGE_LOOP_ANALYSIS = YES;
				CLANG_WARN_STRICT_PROTOTYPES = YES;
				CLANG_WARN_SUSPICIOUS_MOVE = YES;
				CLANG_WARN_UNGUARDED_AVAILABILITY = YES_AGGRESSIVE;
				CLANG_WARN_UNREACHABLE_CODE = YES;
				CLANG_WARN__DUPLICATE_METHOD_MATCH = YES;
				CODE_SIGN_IDENTITY = "iPhone Developer";
				COPY_PHASE_STRIP = NO;
				DEBUG_INFORMATION_FORMAT = "dwarf-with-dsym";
				ENABLE_NS_ASSERTIONS = NO;
				ENABLE_STRICT_OBJC_MSGSEND = YES;
				GCC_C_LANGUAGE_STANDARD = gnu11;
				GCC_NO_COMMON_BLOCKS = YES;
				GCC_WARN_64_TO_32_BIT_CONVERSION = YES;
				GCC_WARN_ABOUT_RETURN_TYPE = YES_ERROR;
				GCC_WARN_UNDECLARED_SELECTOR = YES;
				GCC_WARN_UNINITIALIZED_AUTOS = YES_AGGRESSIVE;
				GCC_WARN_UNUSED_FUNCTION = YES;
				GCC_WARN_UNUSED_VARIABLE = YES;
				IPHONEOS_DEPLOYMENT_TARGET = 12.1;
				MTL_ENABLE_DEBUG_INFO = NO;
				MTL_FAST_MATH = YES;
				SDKROOT = iphoneos;
				SWIFT_COMPILATION_MODE = wholemodule;
				SWIFT_OPTIMIZATION_LEVEL = "-O";
				VALIDATE_PRODUCT = YES;
			};
			name = Release;
		};
		541C303821CB7EAB0026B50B /* Debug */ = {
			isa = XCBuildConfiguration;
			buildSettings = {
				ASSETCATALOG_COMPILER_APPICON_NAME = AppIcon;
				CODE_SIGN_STYLE = Automatic;
				INFOPLIST_FILE = PinterestClone/Info.plist;
				LD_RUNPATH_SEARCH_PATHS = (
					"$(inherited)",
					"@executable_path/Frameworks",
				);
				PRODUCT_BUNDLE_IDENTIFIER = com.dmdinh.PinterestClone;
				PRODUCT_NAME = "$(TARGET_NAME)";
				SWIFT_VERSION = 4.2;
				TARGETED_DEVICE_FAMILY = "1,2";
			};
			name = Debug;
		};
		541C303921CB7EAB0026B50B /* Release */ = {
			isa = XCBuildConfiguration;
			buildSettings = {
				ASSETCATALOG_COMPILER_APPICON_NAME = AppIcon;
				CODE_SIGN_STYLE = Automatic;
				INFOPLIST_FILE = PinterestClone/Info.plist;
				LD_RUNPATH_SEARCH_PATHS = (
					"$(inherited)",
					"@executable_path/Frameworks",
				);
				PRODUCT_BUNDLE_IDENTIFIER = com.dmdinh.PinterestClone;
				PRODUCT_NAME = "$(TARGET_NAME)";
				SWIFT_VERSION = 4.2;
				TARGETED_DEVICE_FAMILY = "1,2";
			};
			name = Release;
		};
/* End XCBuildConfiguration section */

/* Begin XCConfigurationList section */
		541C302021CB7EAA0026B50B /* Build configuration list for PBXProject "PinterestClone" */ = {
			isa = XCConfigurationList;
			buildConfigurations = (
				541C303521CB7EAB0026B50B /* Debug */,
				541C303621CB7EAB0026B50B /* Release */,
			);
			defaultConfigurationIsVisible = 0;
			defaultConfigurationName = Release;
		};
		541C303721CB7EAB0026B50B /* Build configuration list for PBXNativeTarget "PinterestClone" */ = {
			isa = XCConfigurationList;
			buildConfigurations = (
				541C303821CB7EAB0026B50B /* Debug */,
				541C303921CB7EAB0026B50B /* Release */,
			);
			defaultConfigurationIsVisible = 0;
			defaultConfigurationName = Release;
		};
/* End XCConfigurationList section */
	};
	rootObject = 541C301D21CB7EAA0026B50B /* Project object */;
}
